
Microsoft Visual Studio Solution File, Format Version 12.00
# Visual Studio 15
Project("{FAE04EC0-301F-11D3-BF4B-00C04F79EFBC}") = "UnityEngine.TestRunner", "UnityEngine.TestRunner.csproj", "{56AA67AE-E150-5792-42FE-AC8CDD250F0A}"
EndProject
Project("{FAE04EC0-301F-11D3-BF4B-00C04F79EFBC}") = "UnityEngine.UI", "UnityEngine.UI.csproj", "{BE77F135-F3A1-E9D7-316A-1EEC2621017F}"
EndProject
Project("{FAE04EC0-301F-11D3-BF4B-00C04F79EFBC}") = "Unity.VisualScripting.Flow", "Unity.VisualScripting.Flow.csproj", "{490A79A7-0449-8064-5508-41ECF44601B8}"
EndProject
Project("{FAE04EC0-301F-11D3-BF4B-00C04F79EFBC}") = "Assembly-CSharp", "Assembly-CSharp.csproj", "{5DAFB2C0-F05F-F53B-E3C4-8DA68B0CBC7E}"
EndProject
Project("{FAE04EC0-301F-11D3-BF4B-00C04F79EFBC}") = "Unity.Services.Core.Telemetry", "Unity.Services.Core.Telemetry.csproj", "{2F0DBC36-35EF-7875-CFC0-DAC4FA6E9C27}"
EndProject
Project("{FAE04EC0-301F-11D3-BF4B-00C04F79EFBC}") = "Unity.VisualScripting.State", "Unity.VisualScripting.State.csproj", "{5701EBC8-DE42-8754-DFBA-5F8A1FE7EEBE}"
EndProject
Project("{FAE04EC0-301F-11D3-BF4B-00C04F79EFBC}") = "Unity.VisualScripting.Core", "Unity.VisualScripting.Core.csproj", "{80607D65-6136-3E75-5927-C4503D19656B}"
EndProject
Project("{FAE04EC0-301F-11D3-BF4B-00C04F79EFBC}") = "Unity.Services.Core.Environments.Internal", "Unity.Services.Core.Environments.Internal.csproj", "{5A767A3F-2F60-7564-F932-25D81DA9BCD5}"
EndProject
Project("{FAE04EC0-301F-11D3-BF4B-00C04F79EFBC}") = "Unity.TextMeshPro", "Unity.TextMeshPro.csproj", "{4EFD1429-F67D-3ECA-A04F-C171CA62E2B2}"
EndProject
Project("{FAE04EC0-301F-11D3-BF4B-00C04F79EFBC}") = "Unity.Timeline", "Unity.Timeline.csproj", "{E7A48711-DD7C-8CF0-8F1B-A44123D95291}"
EndProject
Project("{FAE04EC0-301F-11D3-BF4B-00C04F79EFBC}") = "Unity.Services.Core", "Unity.Services.Core.csproj", "{F0E4E513-41F6-3F0C-0900-448133DBFBC1}"
EndProject
Project("{FAE04EC0-301F-11D3-BF4B-00C04F79EFBC}") = "Unity.Services.Core.Environments", "Unity.Services.Core.Environments.csproj", "{FC3697B8-0111-7448-56D8-F264052B0FB0}"
EndProject
Project("{FAE04EC0-301F-11D3-BF4B-00C04F79EFBC}") = "Unity.Services.Core.Internal", "Unity.Services.Core.Internal.csproj", "{832E3290-32DF-9B43-D764-40911CCDCB4C}"
EndProject
Project("{FAE04EC0-301F-11D3-BF4B-00C04F79EFBC}") = "Unity.Services.Core.Analytics", "Unity.Services.Core.Analytics.csproj", "{BCE7F529-032E-2AB9-6521-EF899D758D85}"
EndProject
Project("{FAE04EC0-301F-11D3-BF4B-00C04F79EFBC}") = "Unity.Services.Core.Scheduler", "Unity.Services.Core.Scheduler.csproj", "{AB81E2E2-6099-8CAB-985C-066A770030C5}"
EndProject
Project("{FAE04EC0-301F-11D3-BF4B-00C04F79EFBC}") = "Unity.Services.Core.Registration", "Unity.Services.Core.Registration.csproj", "{1437D116-3FDC-2304-023A-56588F5B3C5F}"
EndProject
Project("{FAE04EC0-301F-11D3-BF4B-00C04F79EFBC}") = "Unity.Services.Core.Device", "Unity.Services.Core.Device.csproj", "{10894D6E-BB6A-380C-11A2-8D704D57F65D}"
EndProject
Project("{FAE04EC0-301F-11D3-BF4B-00C04F79EFBC}") = "Unity.Services.Core.Threading", "Unity.Services.Core.Threading.csproj", "{54B70AE7-8056-E929-49E1-BE9BD16908B4}"
EndProject
Project("{FAE04EC0-301F-11D3-BF4B-00C04F79EFBC}") = "Unity.2D.Tilemap.Extras", "Unity.2D.Tilemap.Extras.csproj", "{D60EB556-389E-DF43-9E8D-9CCDB30C6C50}"
EndProject
Project("{FAE04EC0-301F-11D3-BF4B-00C04F79EFBC}") = "Unity.Services.Core.Networking", "Unity.Services.Core.Networking.csproj", "{503E89B9-E0A3-70D1-3EF7-0A5811CD8C82}"
EndProject
Project("{FAE04EC0-301F-11D3-BF4B-00C04F79EFBC}") = "Unity.Services.Core.Configuration", "Unity.Services.Core.Configuration.csproj", "{D1D35716-F14B-EBD4-BEC6-00356CCEAECE}"
EndProject
Project("{FAE04EC0-301F-11D3-BF4B-00C04F79EFBC}") = "Unity.PlasticSCM.Editor", "Unity.PlasticSCM.Editor.csproj", "{EF8EBF0E-2ED7-B274-CF92-C72078EA0232}"
EndProject
Project("{FAE04EC0-301F-11D3-BF4B-00C04F79EFBC}") = "Unity.VisualScripting.Core.Editor", "Unity.VisualScripting.Core.Editor.csproj", "{6088822A-65BC-306A-D872-7A14C2E5066F}"
EndProject
Project("{FAE04EC0-301F-11D3-BF4B-00C04F79EFBC}") = "Unity.VisualScripting.Flow.Editor", "Unity.VisualScripting.Flow.Editor.csproj", "{2EA517A2-F962-431D-58B4-3C854DD7E480}"
EndProject
Project("{FAE04EC0-301F-11D3-BF4B-00C04F79EFBC}") = "Unity.VisualStudio.Editor", "Unity.VisualStudio.Editor.csproj", "{8409D563-8186-BCDE-5400-A7B1FAB6A2A1}"
EndProject
Project("{FAE04EC0-301F-11D3-BF4B-00C04F79EFBC}") = "Unity.Timeline.Editor", "Unity.Timeline.Editor.csproj", "{A1820D79-7139-78B3-7185-E3F821EF21D9}"
EndProject
Project("{FAE04EC0-301F-11D3-BF4B-00C04F79EFBC}") = "Unity.VisualScripting.State.Editor", "Unity.VisualScripting.State.Editor.csproj", "{2C2CB26D-4D52-B591-6DAC-6F5EE09FB891}"
EndProject
Project("{FAE04EC0-301F-11D3-BF4B-00C04F79EFBC}") = "Unity.TextMeshPro.Editor", "Unity.TextMeshPro.Editor.csproj", "{444BACE4-755E-123B-D539-41A5D003DE05}"
EndProject
Project("{FAE04EC0-301F-11D3-BF4B-00C04F79EFBC}") = "Unity.VisualScripting.SettingsProvider.Editor", "Unity.VisualScripting.SettingsProvider.Editor.csproj", "{9D71A107-4573-C1A1-79A6-725AFF2084FA}"
EndProject
Project("{FAE04EC0-301F-11D3-BF4B-00C04F79EFBC}") = "Unity.CollabProxy.Editor", "Unity.CollabProxy.Editor.csproj", "{75736460-6299-A44D-2776-5E7CE505A388}"
EndProject
Project("{FAE04EC0-301F-11D3-BF4B-00C04F79EFBC}") = "UnityEditor.TestRunner", "UnityEditor.TestRunner.csproj", "{CB451E42-B4C3-20DC-AC17-6EEE6195CE2A}"
EndProject
Project("{FAE04EC0-301F-11D3-BF4B-00C04F79EFBC}") = "Unity.2D.Tilemap.Editor", "Unity.2D.Tilemap.Editor.csproj", "{E198E468-72F8-4C7C-E793-95846C61D7AB}"
EndProject
Project("{FAE04EC0-301F-11D3-BF4B-00C04F79EFBC}") = "Unity.Services.Core.Editor", "Unity.Services.Core.Editor.csproj", "{286ACEF4-F909-2500-5AB3-9E069BFB4297}"
EndProject
Project("{FAE04EC0-301F-11D3-BF4B-00C04F79EFBC}") = "Unity.Rider.Editor", "Unity.Rider.Editor.csproj", "{E7A45032-640F-1A94-74DC-2F21B5A3FD23}"
EndProject
Project("{FAE04EC0-301F-11D3-BF4B-00C04F79EFBC}") = "Unity.VSCode.Editor", "Unity.VSCode.Editor.csproj", "{E5EAA9FB-3613-B878-67DC-57BC9FA5651C}"
EndProject
Project("{FAE04EC0-301F-11D3-BF4B-00C04F79EFBC}") = "UnityEditor.UI", "UnityEditor.UI.csproj", "{4E2DBAE1-456D-50B1-FA3E-EAF11DD96A2D}"
EndProject
Project("{FAE04EC0-301F-11D3-BF4B-00C04F79EFBC}") = "Unity.Services.Core.Configuration.Editor", "Unity.Services.Core.Configuration.Editor.csproj", "{E793FA33-1688-165A-26D1-B9FC6C5D8514}"
EndProject
Project("{FAE04EC0-301F-11D3-BF4B-00C04F79EFBC}") = "Unity.2D.Tilemap.Extras.Editor", "Unity.2D.Tilemap.Extras.Editor.csproj", "{2BFFDF60-F956-504D-953A-E70FE81909C9}"
EndProject
Project("{FAE04EC0-301F-11D3-BF4B-00C04F79EFBC}") = "Unity.VisualScripting.Shared.Editor", "Unity.VisualScripting.Shared.Editor.csproj", "{B70DB70E-2DBE-C1DF-2389-3CFFB34280E9}"
EndProject
Project("{FAE04EC0-301F-11D3-BF4B-00C04F79EFBC}") = "Unity.SysrootPackage.Editor", "Unity.SysrootPackage.Editor.csproj", "{9178CB27-7C13-386F-28FE-11B14CABF187}"
EndProject
Project("{FAE04EC0-301F-11D3-BF4B-00C04F79EFBC}") = "Unity.Toolchain.Win-x86_64-Linux-x86_64", "Unity.Toolchain.Win-x86_64-Linux-x86_64.csproj", "{0CBB7ADE-BE66-0FFC-E279-F5682D773394}"
EndProject
Project("{FAE04EC0-301F-11D3-BF4B-00C04F79EFBC}") = "Unity.Sysroot.Linux_x86_64", "Unity.Sysroot.Linux_x86_64.csproj", "{21545A4E-B633-5A71-F891-942B62657914}"
EndProject
Project("{FAE04EC0-301F-11D3-BF4B-00C04F79EFBC}") = "UnityEngine.TestRunner", "UnityEngine.TestRunner.Player.csproj", "{FE599024-E9CA-69C0-864D-98E6E97308AF}"
EndProject
Project("{FAE04EC0-301F-11D3-BF4B-00C04F79EFBC}") = "UnityEngine.UI", "UnityEngine.UI.Player.csproj", "{C32FA9D4-0B15-CA78-B837-0459583B8CFD}"
EndProject
Project("{FAE04EC0-301F-11D3-BF4B-00C04F79EFBC}") = "Unity.VisualScripting.Flow", "Unity.VisualScripting.Flow.Player.csproj", "{41DD9977-1BFB-8E00-54DE-C57B1A635DB7}"
EndProject
Project("{FAE04EC0-301F-11D3-BF4B-00C04F79EFBC}") = "Assembly-CSharp", "Assembly-CSharp.Player.csproj", "{DFE02213-08F4-7C37-9413-C0DBF399665F}"
EndProject
Project("{FAE04EC0-301F-11D3-BF4B-00C04F79EFBC}") = "Unity.Services.Core.Telemetry", "Unity.Services.Core.Telemetry.Player.csproj", "{FA76B68C-6593-BD4E-30FE-7E917E1E7E88}"
EndProject
Project("{FAE04EC0-301F-11D3-BF4B-00C04F79EFBC}") = "Unity.VisualScripting.State", "Unity.VisualScripting.State.Player.csproj", "{03894D5C-7E40-3DF3-A6C9-BAE20C225054}"
EndProject
Project("{FAE04EC0-301F-11D3-BF4B-00C04F79EFBC}") = "Unity.VisualScripting.Core", "Unity.VisualScripting.Core.Player.csproj", "{3F74114B-BCFE-FD63-6A85-E1F6830CF2E7}"
EndProject
Project("{FAE04EC0-301F-11D3-BF4B-00C04F79EFBC}") = "Unity.Services.Core.Environments.Internal", "Unity.Services.Core.Environments.Internal.Player.csproj", "{31BFE380-5682-65E7-D6DC-1461390DB7D7}"
EndProject
Project("{FAE04EC0-301F-11D3-BF4B-00C04F79EFBC}") = "Unity.TextMeshPro", "Unity.TextMeshPro.Player.csproj", "{DCEF5FBE-ECE0-5DA1-088C-524933C91D1A}"
EndProject
Project("{FAE04EC0-301F-11D3-BF4B-00C04F79EFBC}") = "Unity.Timeline", "Unity.Timeline.Player.csproj", "{09D52C92-410C-292D-8C7C-CC86543EE790}"
EndProject
Project("{FAE04EC0-301F-11D3-BF4B-00C04F79EFBC}") = "Unity.Services.Core", "Unity.Services.Core.Player.csproj", "{EF55F9BB-9355-6FCC-2F5F-E69CC06B0427}"
EndProject
Project("{FAE04EC0-301F-11D3-BF4B-00C04F79EFBC}") = "Unity.Services.Core.Environments", "Unity.Services.Core.Environments.Player.csproj", "{6D80DDF0-FE4C-D1DE-14D0-81FE46688419}"
EndProject
Project("{FAE04EC0-301F-11D3-BF4B-00C04F79EFBC}") = "Unity.Services.Core.Internal", "Unity.Services.Core.Internal.Player.csproj", "{4D3CDF1C-59D2-4B79-7241-FD80B95D0B55}"
EndProject
Project("{FAE04EC0-301F-11D3-BF4B-00C04F79EFBC}") = "Unity.Services.Core.Analytics", "Unity.Services.Core.Analytics.Player.csproj", "{9679D195-6FD6-CF62-7EAE-EFB3B1B9CAA1}"
EndProject
Project("{FAE04EC0-301F-11D3-BF4B-00C04F79EFBC}") = "Unity.Services.Core.Scheduler", "Unity.Services.Core.Scheduler.Player.csproj", "{6AED5983-D2A6-06F6-2FD9-CFB5D28C5AE6}"
EndProject
Project("{FAE04EC0-301F-11D3-BF4B-00C04F79EFBC}") = "Unity.Services.Core.Registration", "Unity.Services.Core.Registration.Player.csproj", "{BFEC4117-F8DE-97E3-4B06-D44676336547}"
EndProject
Project("{FAE04EC0-301F-11D3-BF4B-00C04F79EFBC}") = "Unity.Services.Core.Device", "Unity.Services.Core.Device.Player.csproj", "{EA4FFA5F-1658-9A68-523C-0D606B57CBDC}"
EndProject
Project("{FAE04EC0-301F-11D3-BF4B-00C04F79EFBC}") = "Unity.Services.Core.Threading", "Unity.Services.Core.Threading.Player.csproj", "{482EFE25-195E-73E3-3352-1226CB9BB92D}"
EndProject
Project("{FAE04EC0-301F-11D3-BF4B-00C04F79EFBC}") = "Unity.2D.Tilemap.Extras", "Unity.2D.Tilemap.Extras.Player.csproj", "{B8CE342E-9986-8D73-85FD-7972E15D8F22}"
EndProject
Project("{FAE04EC0-301F-11D3-BF4B-00C04F79EFBC}") = "Unity.Services.Core.Networking", "Unity.Services.Core.Networking.Player.csproj", "{1514A117-C2C1-9CBC-D26C-249700B3E2B2}"
EndProject
Project("{FAE04EC0-301F-11D3-BF4B-00C04F79EFBC}") = "Unity.Services.Core.Configuration", "Unity.Services.Core.Configuration.Player.csproj", "{A286D997-BCD9-1FDD-F9E9-385D0CBC895D}"
EndProject
Global
	GlobalSection(SolutionConfigurationPlatforms) = preSolution
		Debug|Any CPU = Debug|Any CPU
		Release|Any CPU = Release|Any CPU
	EndGlobalSection
	GlobalSection(ProjectConfigurationPlatforms) = postSolution
		{56AA67AE-E150-5792-42FE-AC8CDD250F0A}.Debug|Any CPU.ActiveCfg = Debug|Any CPU
		{56AA67AE-E150-5792-42FE-AC8CDD250F0A}.Debug|Any CPU.Build.0 = Debug|Any CPU
		{56AA67AE-E150-5792-42FE-AC8CDD250F0A}.Release|Any CPU.ActiveCfg = Release|Any CPU
		{56AA67AE-E150-5792-42FE-AC8CDD250F0A}.Release|Any CPU.Build.0 = Release|Any CPU
		{BE77F135-F3A1-E9D7-316A-1EEC2621017F}.Debug|Any CPU.ActiveCfg = Debug|Any CPU
		{BE77F135-F3A1-E9D7-316A-1EEC2621017F}.Debug|Any CPU.Build.0 = Debug|Any CPU
		{BE77F135-F3A1-E9D7-316A-1EEC2621017F}.Release|Any CPU.ActiveCfg = Release|Any CPU
		{BE77F135-F3A1-E9D7-316A-1EEC2621017F}.Release|Any CPU.Build.0 = Release|Any CPU
		{490A79A7-0449-8064-5508-41ECF44601B8}.Debug|Any CPU.ActiveCfg = Debug|Any CPU
		{490A79A7-0449-8064-5508-41ECF44601B8}.Debug|Any CPU.Build.0 = Debug|Any CPU
		{490A79A7-0449-8064-5508-41ECF44601B8}.Release|Any CPU.ActiveCfg = Release|Any CPU
		{490A79A7-0449-8064-5508-41ECF44601B8}.Release|Any CPU.Build.0 = Release|Any CPU
		{5DAFB2C0-F05F-F53B-E3C4-8DA68B0CBC7E}.Debug|Any CPU.ActiveCfg = Debug|Any CPU
		{5DAFB2C0-F05F-F53B-E3C4-8DA68B0CBC7E}.Debug|Any CPU.Build.0 = Debug|Any CPU
		{5DAFB2C0-F05F-F53B-E3C4-8DA68B0CBC7E}.Release|Any CPU.ActiveCfg = Release|Any CPU
		{5DAFB2C0-F05F-F53B-E3C4-8DA68B0CBC7E}.Release|Any CPU.Build.0 = Release|Any CPU
		{2F0DBC36-35EF-7875-CFC0-DAC4FA6E9C27}.Debug|Any CPU.ActiveCfg = Debug|Any CPU
		{2F0DBC36-35EF-7875-CFC0-DAC4FA6E9C27}.Debug|Any CPU.Build.0 = Debug|Any CPU
		{2F0DBC36-35EF-7875-CFC0-DAC4FA6E9C27}.Release|Any CPU.ActiveCfg = Release|Any CPU
		{2F0DBC36-35EF-7875-CFC0-DAC4FA6E9C27}.Release|Any CPU.Build.0 = Release|Any CPU
		{5701EBC8-DE42-8754-DFBA-5F8A1FE7EEBE}.Debug|Any CPU.ActiveCfg = Debug|Any CPU
		{5701EBC8-DE42-8754-DFBA-5F8A1FE7EEBE}.Debug|Any CPU.Build.0 = Debug|Any CPU
		{5701EBC8-DE42-8754-DFBA-5F8A1FE7EEBE}.Release|Any CPU.ActiveCfg = Release|Any CPU
		{5701EBC8-DE42-8754-DFBA-5F8A1FE7EEBE}.Release|Any CPU.Build.0 = Release|Any CPU
		{80607D65-6136-3E75-5927-C4503D19656B}.Debug|Any CPU.ActiveCfg = Debug|Any CPU
		{80607D65-6136-3E75-5927-C4503D19656B}.Debug|Any CPU.Build.0 = Debug|Any CPU
		{80607D65-6136-3E75-5927-C4503D19656B}.Release|Any CPU.ActiveCfg = Release|Any CPU
		{80607D65-6136-3E75-5927-C4503D19656B}.Release|Any CPU.Build.0 = Release|Any CPU
		{5A767A3F-2F60-7564-F932-25D81DA9BCD5}.Debug|Any CPU.ActiveCfg = Debug|Any CPU
		{5A767A3F-2F60-7564-F932-25D81DA9BCD5}.Debug|Any CPU.Build.0 = Debug|Any CPU
		{5A767A3F-2F60-7564-F932-25D81DA9BCD5}.Release|Any CPU.ActiveCfg = Release|Any CPU
		{5A767A3F-2F60-7564-F932-25D81DA9BCD5}.Release|Any CPU.Build.0 = Release|Any CPU
		{4EFD1429-F67D-3ECA-A04F-C171CA62E2B2}.Debug|Any CPU.ActiveCfg = Debug|Any CPU
		{4EFD1429-F67D-3ECA-A04F-C171CA62E2B2}.Debug|Any CPU.Build.0 = Debug|Any CPU
		{4EFD1429-F67D-3ECA-A04F-C171CA62E2B2}.Release|Any CPU.ActiveCfg = Release|Any CPU
		{4EFD1429-F67D-3ECA-A04F-C171CA62E2B2}.Release|Any CPU.Build.0 = Release|Any CPU
		{E7A48711-DD7C-8CF0-8F1B-A44123D95291}.Debug|Any CPU.ActiveCfg = Debug|Any CPU
		{E7A48711-DD7C-8CF0-8F1B-A44123D95291}.Debug|Any CPU.Build.0 = Debug|Any CPU
		{E7A48711-DD7C-8CF0-8F1B-A44123D95291}.Release|Any CPU.ActiveCfg = Release|Any CPU
		{E7A48711-DD7C-8CF0-8F1B-A44123D95291}.Release|Any CPU.Build.0 = Release|Any CPU
		{F0E4E513-41F6-3F0C-0900-448133DBFBC1}.Debug|Any CPU.ActiveCfg = Debug|Any CPU
		{F0E4E513-41F6-3F0C-0900-448133DBFBC1}.Debug|Any CPU.Build.0 = Debug|Any CPU
		{F0E4E513-41F6-3F0C-0900-448133DBFBC1}.Release|Any CPU.ActiveCfg = Release|Any CPU
		{F0E4E513-41F6-3F0C-0900-448133DBFBC1}.Release|Any CPU.Build.0 = Release|Any CPU
		{FC3697B8-0111-7448-56D8-F264052B0FB0}.Debug|Any CPU.ActiveCfg = Debug|Any CPU
		{FC3697B8-0111-7448-56D8-F264052B0FB0}.Debug|Any CPU.Build.0 = Debug|Any CPU
		{FC3697B8-0111-7448-56D8-F264052B0FB0}.Release|Any CPU.ActiveCfg = Release|Any CPU
		{FC3697B8-0111-7448-56D8-F264052B0FB0}.Release|Any CPU.Build.0 = Release|Any CPU
		{832E3290-32DF-9B43-D764-40911CCDCB4C}.Debug|Any CPU.ActiveCfg = Debug|Any CPU
		{832E3290-32DF-9B43-D764-40911CCDCB4C}.Debug|Any CPU.Build.0 = Debug|Any CPU
		{832E3290-32DF-9B43-D764-40911CCDCB4C}.Release|Any CPU.ActiveCfg = Release|Any CPU
		{832E3290-32DF-9B43-D764-40911CCDCB4C}.Release|Any CPU.Build.0 = Release|Any CPU
		{BCE7F529-032E-2AB9-6521-EF899D758D85}.Debug|Any CPU.ActiveCfg = Debug|Any CPU
		{BCE7F529-032E-2AB9-6521-EF899D758D85}.Debug|Any CPU.Build.0 = Debug|Any CPU
		{BCE7F529-032E-2AB9-6521-EF899D758D85}.Release|Any CPU.ActiveCfg = Release|Any CPU
		{BCE7F529-032E-2AB9-6521-EF899D758D85}.Release|Any CPU.Build.0 = Release|Any CPU
		{AB81E2E2-6099-8CAB-985C-066A770030C5}.Debug|Any CPU.ActiveCfg = Debug|Any CPU
		{AB81E2E2-6099-8CAB-985C-066A770030C5}.Debug|Any CPU.Build.0 = Debug|Any CPU
		{AB81E2E2-6099-8CAB-985C-066A770030C5}.Release|Any CPU.ActiveCfg = Release|Any CPU
		{AB81E2E2-6099-8CAB-985C-066A770030C5}.Release|Any CPU.Build.0 = Release|Any CPU
		{1437D116-3FDC-2304-023A-56588F5B3C5F}.Debug|Any CPU.ActiveCfg = Debug|Any CPU
		{1437D116-3FDC-2304-023A-56588F5B3C5F}.Debug|Any CPU.Build.0 = Debug|Any CPU
		{1437D116-3FDC-2304-023A-56588F5B3C5F}.Release|Any CPU.ActiveCfg = Release|Any CPU
		{1437D116-3FDC-2304-023A-56588F5B3C5F}.Release|Any CPU.Build.0 = Release|Any CPU
		{10894D6E-BB6A-380C-11A2-8D704D57F65D}.Debug|Any CPU.ActiveCfg = Debug|Any CPU
		{10894D6E-BB6A-380C-11A2-8D704D57F65D}.Debug|Any CPU.Build.0 = Debug|Any CPU
		{10894D6E-BB6A-380C-11A2-8D704D57F65D}.Release|Any CPU.ActiveCfg = Release|Any CPU
		{10894D6E-BB6A-380C-11A2-8D704D57F65D}.Release|Any CPU.Build.0 = Release|Any CPU
		{54B70AE7-8056-E929-49E1-BE9BD16908B4}.Debug|Any CPU.ActiveCfg = Debug|Any CPU
		{54B70AE7-8056-E929-49E1-BE9BD16908B4}.Debug|Any CPU.Build.0 = Debug|Any CPU
		{54B70AE7-8056-E929-49E1-BE9BD16908B4}.Release|Any CPU.ActiveCfg = Release|Any CPU
		{54B70AE7-8056-E929-49E1-BE9BD16908B4}.Release|Any CPU.Build.0 = Release|Any CPU
		{D60EB556-389E-DF43-9E8D-9CCDB30C6C50}.Debug|Any CPU.ActiveCfg = Debug|Any CPU
		{D60EB556-389E-DF43-9E8D-9CCDB30C6C50}.Debug|Any CPU.Build.0 = Debug|Any CPU
		{D60EB556-389E-DF43-9E8D-9CCDB30C6C50}.Release|Any CPU.ActiveCfg = Release|Any CPU
		{D60EB556-389E-DF43-9E8D-9CCDB30C6C50}.Release|Any CPU.Build.0 = Release|Any CPU
		{503E89B9-E0A3-70D1-3EF7-0A5811CD8C82}.Debug|Any CPU.ActiveCfg = Debug|Any CPU
		{503E89B9-E0A3-70D1-3EF7-0A5811CD8C82}.Debug|Any CPU.Build.0 = Debug|Any CPU
		{503E89B9-E0A3-70D1-3EF7-0A5811CD8C82}.Release|Any CPU.ActiveCfg = Release|Any CPU
		{503E89B9-E0A3-70D1-3EF7-0A5811CD8C82}.Release|Any CPU.Build.0 = Release|Any CPU
		{D1D35716-F14B-EBD4-BEC6-00356CCEAECE}.Debug|Any CPU.ActiveCfg = Debug|Any CPU
		{D1D35716-F14B-EBD4-BEC6-00356CCEAECE}.Debug|Any CPU.Build.0 = Debug|Any CPU
		{D1D35716-F14B-EBD4-BEC6-00356CCEAECE}.Release|Any CPU.ActiveCfg = Release|Any CPU
		{D1D35716-F14B-EBD4-BEC6-00356CCEAECE}.Release|Any CPU.Build.0 = Release|Any CPU
		{EF8EBF0E-2ED7-B274-CF92-C72078EA0232}.Debug|Any CPU.ActiveCfg = Debug|Any CPU
		{EF8EBF0E-2ED7-B274-CF92-C72078EA0232}.Debug|Any CPU.Build.0 = Debug|Any CPU
		{EF8EBF0E-2ED7-B274-CF92-C72078EA0232}.Release|Any CPU.ActiveCfg = Release|Any CPU
		{EF8EBF0E-2ED7-B274-CF92-C72078EA0232}.Release|Any CPU.Build.0 = Release|Any CPU
		{6088822A-65BC-306A-D872-7A14C2E5066F}.Debug|Any CPU.ActiveCfg = Debug|Any CPU
		{6088822A-65BC-306A-D872-7A14C2E5066F}.Debug|Any CPU.Build.0 = Debug|Any CPU
		{6088822A-65BC-306A-D872-7A14C2E5066F}.Release|Any CPU.ActiveCfg = Release|Any CPU
		{6088822A-65BC-306A-D872-7A14C2E5066F}.Release|Any CPU.Build.0 = Release|Any CPU
		{2EA517A2-F962-431D-58B4-3C854DD7E480}.Debug|Any CPU.ActiveCfg = Debug|Any CPU
		{2EA517A2-F962-431D-58B4-3C854DD7E480}.Debug|Any CPU.Build.0 = Debug|Any CPU
		{2EA517A2-F962-431D-58B4-3C854DD7E480}.Release|Any CPU.ActiveCfg = Release|Any CPU
		{2EA517A2-F962-431D-58B4-3C854DD7E480}.Release|Any CPU.Build.0 = Release|Any CPU
		{8409D563-8186-BCDE-5400-A7B1FAB6A2A1}.Debug|Any CPU.ActiveCfg = Debug|Any CPU
		{8409D563-8186-BCDE-5400-A7B1FAB6A2A1}.Debug|Any CPU.Build.0 = Debug|Any CPU
		{8409D563-8186-BCDE-5400-A7B1FAB6A2A1}.Release|Any CPU.ActiveCfg = Release|Any CPU
		{8409D563-8186-BCDE-5400-A7B1FAB6A2A1}.Release|Any CPU.Build.0 = Release|Any CPU
		{A1820D79-7139-78B3-7185-E3F821EF21D9}.Debug|Any CPU.ActiveCfg = Debug|Any CPU
		{A1820D79-7139-78B3-7185-E3F821EF21D9}.Debug|Any CPU.Build.0 = Debug|Any CPU
		{A1820D79-7139-78B3-7185-E3F821EF21D9}.Release|Any CPU.ActiveCfg = Release|Any CPU
		{A1820D79-7139-78B3-7185-E3F821EF21D9}.Release|Any CPU.Build.0 = Release|Any CPU
		{2C2CB26D-4D52-B591-6DAC-6F5EE09FB891}.Debug|Any CPU.ActiveCfg = Debug|Any CPU
		{2C2CB26D-4D52-B591-6DAC-6F5EE09FB891}.Debug|Any CPU.Build.0 = Debug|Any CPU
		{2C2CB26D-4D52-B591-6DAC-6F5EE09FB891}.Release|Any CPU.ActiveCfg = Release|Any CPU
		{2C2CB26D-4D52-B591-6DAC-6F5EE09FB891}.Release|Any CPU.Build.0 = Release|Any CPU
		{444BACE4-755E-123B-D539-41A5D003DE05}.Debug|Any CPU.ActiveCfg = Debug|Any CPU
		{444BACE4-755E-123B-D539-41A5D003DE05}.Debug|Any CPU.Build.0 = Debug|Any CPU
		{444BACE4-755E-123B-D539-41A5D003DE05}.Release|Any CPU.ActiveCfg = Release|Any CPU
		{444BACE4-755E-123B-D539-41A5D003DE05}.Release|Any CPU.Build.0 = Release|Any CPU
		{9D71A107-4573-C1A1-79A6-725AFF2084FA}.Debug|Any CPU.ActiveCfg = Debug|Any CPU
		{9D71A107-4573-C1A1-79A6-725AFF2084FA}.Debug|Any CPU.Build.0 = Debug|Any CPU
		{9D71A107-4573-C1A1-79A6-725AFF2084FA}.Release|Any CPU.ActiveCfg = Release|Any CPU
		{9D71A107-4573-C1A1-79A6-725AFF2084FA}.Release|Any CPU.Build.0 = Release|Any CPU
		{75736460-6299-A44D-2776-5E7CE505A388}.Debug|Any CPU.ActiveCfg = Debug|Any CPU
		{75736460-6299-A44D-2776-5E7CE505A388}.Debug|Any CPU.Build.0 = Debug|Any CPU
		{75736460-6299-A44D-2776-5E7CE505A388}.Release|Any CPU.ActiveCfg = Release|Any CPU
		{75736460-6299-A44D-2776-5E7CE505A388}.Release|Any CPU.Build.0 = Release|Any CPU
		{CB451E42-B4C3-20DC-AC17-6EEE6195CE2A}.Debug|Any CPU.ActiveCfg = Debug|Any CPU
		{CB451E42-B4C3-20DC-AC17-6EEE6195CE2A}.Debug|Any CPU.Build.0 = Debug|Any CPU
		{CB451E42-B4C3-20DC-AC17-6EEE6195CE2A}.Release|Any CPU.ActiveCfg = Release|Any CPU
		{CB451E42-B4C3-20DC-AC17-6EEE6195CE2A}.Release|Any CPU.Build.0 = Release|Any CPU
		{E198E468-72F8-4C7C-E793-95846C61D7AB}.Debug|Any CPU.ActiveCfg = Debug|Any CPU
		{E198E468-72F8-4C7C-E793-95846C61D7AB}.Debug|Any CPU.Build.0 = Debug|Any CPU
		{E198E468-72F8-4C7C-E793-95846C61D7AB}.Release|Any CPU.ActiveCfg = Release|Any CPU
		{E198E468-72F8-4C7C-E793-95846C61D7AB}.Release|Any CPU.Build.0 = Release|Any CPU
		{286ACEF4-F909-2500-5AB3-9E069BFB4297}.Debug|Any CPU.ActiveCfg = Debug|Any CPU
		{286ACEF4-F909-2500-5AB3-9E069BFB4297}.Debug|Any CPU.Build.0 = Debug|Any CPU
		{286ACEF4-F909-2500-5AB3-9E069BFB4297}.Release|Any CPU.ActiveCfg = Release|Any CPU
		{286ACEF4-F909-2500-5AB3-9E069BFB4297}.Release|Any CPU.Build.0 = Release|Any CPU
		{E7A45032-640F-1A94-74DC-2F21B5A3FD23}.Debug|Any CPU.ActiveCfg = Debug|Any CPU
		{E7A45032-640F-1A94-74DC-2F21B5A3FD23}.Debug|Any CPU.Build.0 = Debug|Any CPU
		{E7A45032-640F-1A94-74DC-2F21B5A3FD23}.Release|Any CPU.ActiveCfg = Release|Any CPU
		{E7A45032-640F-1A94-74DC-2F21B5A3FD23}.Release|Any CPU.Build.0 = Release|Any CPU
		{E5EAA9FB-3613-B878-67DC-57BC9FA5651C}.Debug|Any CPU.ActiveCfg = Debug|Any CPU
		{E5EAA9FB-3613-B878-67DC-57BC9FA5651C}.Debug|Any CPU.Build.0 = Debug|Any CPU
		{E5EAA9FB-3613-B878-67DC-57BC9FA5651C}.Release|Any CPU.ActiveCfg = Release|Any CPU
		{E5EAA9FB-3613-B878-67DC-57BC9FA5651C}.Release|Any CPU.Build.0 = Release|Any CPU
		{4E2DBAE1-456D-50B1-FA3E-EAF11DD96A2D}.Debug|Any CPU.ActiveCfg = Debug|Any CPU
		{4E2DBAE1-456D-50B1-FA3E-EAF11DD96A2D}.Debug|Any CPU.Build.0 = Debug|Any CPU
		{4E2DBAE1-456D-50B1-FA3E-EAF11DD96A2D}.Release|Any CPU.ActiveCfg = Release|Any CPU
		{4E2DBAE1-456D-50B1-FA3E-EAF11DD96A2D}.Release|Any CPU.Build.0 = Release|Any CPU
		{E793FA33-1688-165A-26D1-B9FC6C5D8514}.Debug|Any CPU.ActiveCfg = Debug|Any CPU
		{E793FA33-1688-165A-26D1-B9FC6C5D8514}.Debug|Any CPU.Build.0 = Debug|Any CPU
		{E793FA33-1688-165A-26D1-B9FC6C5D8514}.Release|Any CPU.ActiveCfg = Release|Any CPU
		{E793FA33-1688-165A-26D1-B9FC6C5D8514}.Release|Any CPU.Build.0 = Release|Any CPU
		{2BFFDF60-F956-504D-953A-E70FE81909C9}.Debug|Any CPU.ActiveCfg = Debug|Any CPU
		{2BFFDF60-F956-504D-953A-E70FE81909C9}.Debug|Any CPU.Build.0 = Debug|Any CPU
		{2BFFDF60-F956-504D-953A-E70FE81909C9}.Release|Any CPU.ActiveCfg = Release|Any CPU
		{2BFFDF60-F956-504D-953A-E70FE81909C9}.Release|Any CPU.Build.0 = Release|Any CPU
		{B70DB70E-2DBE-C1DF-2389-3CFFB34280E9}.Debug|Any CPU.ActiveCfg = Debug|Any CPU
		{B70DB70E-2DBE-C1DF-2389-3CFFB34280E9}.Debug|Any CPU.Build.0 = Debug|Any CPU
		{B70DB70E-2DBE-C1DF-2389-3CFFB34280E9}.Release|Any CPU.ActiveCfg = Release|Any CPU
		{B70DB70E-2DBE-C1DF-2389-3CFFB34280E9}.Release|Any CPU.Build.0 = Release|Any CPU
		{9178CB27-7C13-386F-28FE-11B14CABF187}.Debug|Any CPU.ActiveCfg = Debug|Any CPU
		{9178CB27-7C13-386F-28FE-11B14CABF187}.Debug|Any CPU.Build.0 = Debug|Any CPU
		{9178CB27-7C13-386F-28FE-11B14CABF187}.Release|Any CPU.ActiveCfg = Release|Any CPU
		{9178CB27-7C13-386F-28FE-11B14CABF187}.Release|Any CPU.Build.0 = Release|Any CPU
		{0CBB7ADE-BE66-0FFC-E279-F5682D773394}.Debug|Any CPU.ActiveCfg = Debug|Any CPU
		{0CBB7ADE-BE66-0FFC-E279-F5682D773394}.Debug|Any CPU.Build.0 = Debug|Any CPU
		{0CBB7ADE-BE66-0FFC-E279-F5682D773394}.Release|Any CPU.ActiveCfg = Release|Any CPU
		{0CBB7ADE-BE66-0FFC-E279-F5682D773394}.Release|Any CPU.Build.0 = Release|Any CPU
		{21545A4E-B633-5A71-F891-942B62657914}.Debug|Any CPU.ActiveCfg = Debug|Any CPU
		{21545A4E-B633-5A71-F891-942B62657914}.Debug|Any CPU.Build.0 = Debug|Any CPU
		{21545A4E-B633-5A71-F891-942B62657914}.Release|Any CPU.ActiveCfg = Release|Any CPU
		{21545A4E-B633-5A71-F891-942B62657914}.Release|Any CPU.Build.0 = Release|Any CPU
		{FE599024-E9CA-69C0-864D-98E6E97308AF}.Debug|Any CPU.ActiveCfg = Debug|Any CPU
		{FE599024-E9CA-69C0-864D-98E6E97308AF}.Debug|Any CPU.Build.0 = Debug|Any CPU
		{FE599024-E9CA-69C0-864D-98E6E97308AF}.Release|Any CPU.ActiveCfg = Release|Any CPU
		{FE599024-E9CA-69C0-864D-98E6E97308AF}.Release|Any CPU.Build.0 = Release|Any CPU
		{C32FA9D4-0B15-CA78-B837-0459583B8CFD}.Debug|Any CPU.ActiveCfg = Debug|Any CPU
		{C32FA9D4-0B15-CA78-B837-0459583B8CFD}.Debug|Any CPU.Build.0 = Debug|Any CPU
		{C32FA9D4-0B15-CA78-B837-0459583B8CFD}.Release|Any CPU.ActiveCfg = Release|Any CPU
		{C32FA9D4-0B15-CA78-B837-0459583B8CFD}.Release|Any CPU.Build.0 = Release|Any CPU
		{41DD9977-1BFB-8E00-54DE-C57B1A635DB7}.Debug|Any CPU.ActiveCfg = Debug|Any CPU
		{41DD9977-1BFB-8E00-54DE-C57B1A635DB7}.Debug|Any CPU.Build.0 = Debug|Any CPU
		{41DD9977-1BFB-8E00-54DE-C57B1A635DB7}.Release|Any CPU.ActiveCfg = Release|Any CPU
		{41DD9977-1BFB-8E00-54DE-C57B1A635DB7}.Release|Any CPU.Build.0 = Release|Any CPU
		{DFE02213-08F4-7C37-9413-C0DBF399665F}.Debug|Any CPU.ActiveCfg = Debug|Any CPU
		{DFE02213-08F4-7C37-9413-C0DBF399665F}.Debug|Any CPU.Build.0 = Debug|Any CPU
		{DFE02213-08F4-7C37-9413-C0DBF399665F}.Release|Any CPU.ActiveCfg = Release|Any CPU
		{DFE02213-08F4-7C37-9413-C0DBF399665F}.Release|Any CPU.Build.0 = Release|Any CPU
		{FA76B68C-6593-BD4E-30FE-7E917E1E7E88}.Debug|Any CPU.ActiveCfg = Debug|Any CPU
		{FA76B68C-6593-BD4E-30FE-7E917E1E7E88}.Debug|Any CPU.Build.0 = Debug|Any CPU
		{FA76B68C-6593-BD4E-30FE-7E917E1E7E88}.Release|Any CPU.ActiveCfg = Release|Any CPU
		{FA76B68C-6593-BD4E-30FE-7E917E1E7E88}.Release|Any CPU.Build.0 = Release|Any CPU
		{03894D5C-7E40-3DF3-A6C9-BAE20C225054}.Debug|Any CPU.ActiveCfg = Debug|Any CPU
		{03894D5C-7E40-3DF3-A6C9-BAE20C225054}.Debug|Any CPU.Build.0 = Debug|Any CPU
		{03894D5C-7E40-3DF3-A6C9-BAE20C225054}.Release|Any CPU.ActiveCfg = Release|Any CPU
		{03894D5C-7E40-3DF3-A6C9-BAE20C225054}.Release|Any CPU.Build.0 = Release|Any CPU
		{3F74114B-BCFE-FD63-6A85-E1F6830CF2E7}.Debug|Any CPU.ActiveCfg = Debug|Any CPU
		{3F74114B-BCFE-FD63-6A85-E1F6830CF2E7}.Debug|Any CPU.Build.0 = Debug|Any CPU
		{3F74114B-BCFE-FD63-6A85-E1F6830CF2E7}.Release|Any CPU.ActiveCfg = Release|Any CPU
		{3F74114B-BCFE-FD63-6A85-E1F6830CF2E7}.Release|Any CPU.Build.0 = Release|Any CPU
		{31BFE380-5682-65E7-D6DC-1461390DB7D7}.Debug|Any CPU.ActiveCfg = Debug|Any CPU
		{31BFE380-5682-65E7-D6DC-1461390DB7D7}.Debug|Any CPU.Build.0 = Debug|Any CPU
		{31BFE380-5682-65E7-D6DC-1461390DB7D7}.Release|Any CPU.ActiveCfg = Release|Any CPU
		{31BFE380-5682-65E7-D6DC-1461390DB7D7}.Release|Any CPU.Build.0 = Release|Any CPU
		{DCEF5FBE-ECE0-5DA1-088C-524933C91D1A}.Debug|Any CPU.ActiveCfg = Debug|Any CPU
		{DCEF5FBE-ECE0-5DA1-088C-524933C91D1A}.Debug|Any CPU.Build.0 = Debug|Any CPU
		{DCEF5FBE-ECE0-5DA1-088C-524933C91D1A}.Release|Any CPU.ActiveCfg = Release|Any CPU
		{DCEF5FBE-ECE0-5DA1-088C-524933C91D1A}.Release|Any CPU.Build.0 = Release|Any CPU
		{09D52C92-410C-292D-8C7C-CC86543EE790}.Debug|Any CPU.ActiveCfg = Debug|Any CPU
		{09D52C92-410C-292D-8C7C-CC86543EE790}.Debug|Any CPU.Build.0 = Debug|Any CPU
		{09D52C92-410C-292D-8C7C-CC86543EE790}.Release|Any CPU.ActiveCfg = Release|Any CPU
		{09D52C92-410C-292D-8C7C-CC86543EE790}.Release|Any CPU.Build.0 = Release|Any CPU
		{EF55F9BB-9355-6FCC-2F5F-E69CC06B0427}.Debug|Any CPU.ActiveCfg = Debug|Any CPU
		{EF55F9BB-9355-6FCC-2F5F-E69CC06B0427}.Debug|Any CPU.Build.0 = Debug|Any CPU
		{EF55F9BB-9355-6FCC-2F5F-E69CC06B0427}.Release|Any CPU.ActiveCfg = Release|Any CPU
		{EF55F9BB-9355-6FCC-2F5F-E69CC06B0427}.Release|Any CPU.Build.0 = Release|Any CPU
		{6D80DDF0-FE4C-D1DE-14D0-81FE46688419}.Debug|Any CPU.ActiveCfg = Debug|Any CPU
		{6D80DDF0-FE4C-D1DE-14D0-81FE46688419}.Debug|Any CPU.Build.0 = Debug|Any CPU
		{6D80DDF0-FE4C-D1DE-14D0-81FE46688419}.Release|Any CPU.ActiveCfg = Release|Any CPU
		{6D80DDF0-FE4C-D1DE-14D0-81FE46688419}.Release|Any CPU.Build.0 = Release|Any CPU
		{4D3CDF1C-59D2-4B79-7241-FD80B95D0B55}.Debug|Any CPU.ActiveCfg = Debug|Any CPU
		{4D3CDF1C-59D2-4B79-7241-FD80B95D0B55}.Debug|Any CPU.Build.0 = Debug|Any CPU
		{4D3CDF1C-59D2-4B79-7241-FD80B95D0B55}.Release|Any CPU.ActiveCfg = Release|Any CPU
		{4D3CDF1C-59D2-4B79-7241-FD80B95D0B55}.Release|Any CPU.Build.0 = Release|Any CPU
		{9679D195-6FD6-CF62-7EAE-EFB3B1B9CAA1}.Debug|Any CPU.ActiveCfg = Debug|Any CPU
		{9679D195-6FD6-CF62-7EAE-EFB3B1B9CAA1}.Debug|Any CPU.Build.0 = Debug|Any CPU
		{9679D195-6FD6-CF62-7EAE-EFB3B1B9CAA1}.Release|Any CPU.ActiveCfg = Release|Any CPU
		{9679D195-6FD6-CF62-7EAE-EFB3B1B9CAA1}.Release|Any CPU.Build.0 = Release|Any CPU
		{6AED5983-D2A6-06F6-2FD9-CFB5D28C5AE6}.Debug|Any CPU.ActiveCfg = Debug|Any CPU
		{6AED5983-D2A6-06F6-2FD9-CFB5D28C5AE6}.Debug|Any CPU.Build.0 = Debug|Any CPU
		{6AED5983-D2A6-06F6-2FD9-CFB5D28C5AE6}.Release|Any CPU.ActiveCfg = Release|Any CPU
		{6AED5983-D2A6-06F6-2FD9-CFB5D28C5AE6}.Release|Any CPU.Build.0 = Release|Any CPU
		{BFEC4117-F8DE-97E3-4B06-D44676336547}.Debug|Any CPU.ActiveCfg = Debug|Any CPU
		{BFEC4117-F8DE-97E3-4B06-D44676336547}.Debug|Any CPU.Build.0 = Debug|Any CPU
		{BFEC4117-F8DE-97E3-4B06-D44676336547}.Release|Any CPU.ActiveCfg = Release|Any CPU
		{BFEC4117-F8DE-97E3-4B06-D44676336547}.Release|Any CPU.Build.0 = Release|Any CPU
		{EA4FFA5F-1658-9A68-523C-0D606B57CBDC}.Debug|Any CPU.ActiveCfg = Debug|Any CPU
		{EA4FFA5F-1658-9A68-523C-0D606B57CBDC}.Debug|Any CPU.Build.0 = Debug|Any CPU
		{EA4FFA5F-1658-9A68-523C-0D606B57CBDC}.Release|Any CPU.ActiveCfg = Release|Any CPU
		{EA4FFA5F-1658-9A68-523C-0D606B57CBDC}.Release|Any CPU.Build.0 = Release|Any CPU
		{482EFE25-195E-73E3-3352-1226CB9BB92D}.Debug|Any CPU.ActiveCfg = Debug|Any CPU
		{482EFE25-195E-73E3-3352-1226CB9BB92D}.Debug|Any CPU.Build.0 = Debug|Any CPU
		{482EFE25-195E-73E3-3352-1226CB9BB92D}.Release|Any CPU.ActiveCfg = Release|Any CPU
		{482EFE25-195E-73E3-3352-1226CB9BB92D}.Release|Any CPU.Build.0 = Release|Any CPU
		{B8CE342E-9986-8D73-85FD-7972E15D8F22}.Debug|Any CPU.ActiveCfg = Debug|Any CPU
		{B8CE342E-9986-8D73-85FD-7972E15D8F22}.Debug|Any CPU.Build.0 = Debug|Any CPU
		{B8CE342E-9986-8D73-85FD-7972E15D8F22}.Release|Any CPU.ActiveCfg = Release|Any CPU
		{B8CE342E-9986-8D73-85FD-7972E15D8F22}.Release|Any CPU.Build.0 = Release|Any CPU
		{1514A117-C2C1-9CBC-D26C-249700B3E2B2}.Debug|Any CPU.ActiveCfg = Debug|Any CPU
		{1514A117-C2C1-9CBC-D26C-249700B3E2B2}.Debug|Any CPU.Build.0 = Debug|Any CPU
		{1514A117-C2C1-9CBC-D26C-249700B3E2B2}.Release|Any CPU.ActiveCfg = Release|Any CPU
		{1514A117-C2C1-9CBC-D26C-249700B3E2B2}.Release|Any CPU.Build.0 = Release|Any CPU
		{A286D997-BCD9-1FDD-F9E9-385D0CBC895D}.Debug|Any CPU.ActiveCfg = Debug|Any CPU
		{A286D997-BCD9-1FDD-F9E9-385D0CBC895D}.Debug|Any CPU.Build.0 = Debug|Any CPU
		{A286D997-BCD9-1FDD-F9E9-385D0CBC895D}.Release|Any CPU.ActiveCfg = Release|Any CPU
		{A286D997-BCD9-1FDD-F9E9-385D0CBC895D}.Release|Any CPU.Build.0 = Release|Any CPU
	EndGlobalSection
	GlobalSection(SolutionProperties) = preSolution
		HideSolutionNode = FALSE
	EndGlobalSection
EndGlobal
